<?xml version="1.0" encoding="UTF-8" standalone="yes" ?>
<CodeBlocks_project_file>
	<FileVersion major="1" minor="6" />
	<Project>
		<Option title="MINI_PAINT" />
		<Option pch_mode="2" />
		<Option compiler="gcc" />
		<Build>
			<Target title="Debug">
				<Option output="bin/Debug/MINI_PAINT" prefix_auto="1" extension_auto="1" />
				<Option object_output="obj/Debug/" />
				<Option type="1" />
				<Option compiler="gcc" />
				<Compiler>
					<Add option="-g" />
				</Compiler>
			</Target>
			<Target title="Release">
				<Option output="bin/Release/MINI_PAINT" prefix_auto="1" extension_auto="1" />
				<Option object_output="obj/Release/" />
				<Option type="1" />
				<Option compiler="gcc" />
				<Compiler>
					<Add option="-O2" />
				</Compiler>
				<Linker>
					<Add option="-s" />
				</Linker>
			</Target>
		</Build>
		<Compiler>
			<Add option="-Wall" />
		</Compiler>
		<Unit filename="C_X_Y_RADIUS_CHAR2.cpp" />
		<Unit filename="L_X_Y_X1_Y1_CHAR.cpp" />
		<Unit filename="R_X_Y_WIDTH_HEIGHT_CHAR2.cpp" />
		<Unit filename="WIDTH_HEIGHT_BACKGROUND_CHAR.cpp" />
		<Unit filename="c_X_Y_RADIUS_CHAR.cpp" />
		<Unit filename="check_size.cpp" />
		<Unit filename="itc_find_str.cpp" />
		<Unit filename="itc_len.cpp" />
		<Unit filename="itc_slice_str.cpp" />
		<Unit filename="itc_str_to_int.cpp" />
		<Unit filename="main.cpp" />
		<Unit filename="mini_paint.h" />
		<Unit filename="operation.it" />
		<Unit filename="pars.cpp" />
		<Unit filename="r_X_Y_WIDTH_HEIGHT_CHAR.cpp" />
		<Unit filename="read_file.cpp" />
		<Unit filename="run_programm.cpp" />
		<Extensions>
			<lib_finder disable_auto="1" />
		</Extensions>
	</Project>
</CodeBlocks_project_file>
